// !$*UTF8*$!
{
	archiveVersion = 1;
	classes = {
	};
	objectVersion = 56;
	objects = {

/* Begin PBXBuildFile section */
		DDF4BA6B2ABA3CBB006CA6C3 /* ps03graphicBlocks_weihuanw.cpp in Sources */ = {isa = PBXBuildFile; fileRef = DDF4BA6A2ABA3CBB006CA6C3 /* ps03graphicBlocks_weihuanw.cpp */; };
		DDF4BA772ABA3D63006CA6C3 /* OpenGL.framework in Frameworks */ = {isa = PBXBuildFile; fileRef = DDF4BA762ABA3D63006CA6C3 /* OpenGL.framework */; };
		DDF4BA7B2ABA3F10006CA6C3 /* fssimplewindowobjc.m in Sources */ = {isa = PBXBuildFile; fileRef = DDF4BA7A2ABA3F10006CA6C3 /* fssimplewindowobjc.m */; };
		DDF4BA7E2ABA3F68006CA6C3 /* fssimplewindowcpp.cpp in Sources */ = {isa = PBXBuildFile; fileRef = DDF4BA7D2ABA3F68006CA6C3 /* fssimplewindowcpp.cpp */; };
/* End PBXBuildFile section */

/* Begin PBXCopyFilesBuildPhase section */
		DDF4BA652ABA3CBB006CA6C3 /* CopyFiles */ = {
			isa = PBXCopyFilesBuildPhase;
			buildActionMask = 2147483647;
			dstPath = /usr/share/man/man1/;
			dstSubfolderSpec = 0;
			files = (
			);
			runOnlyForDeploymentPostprocessing = 1;
		};
/* End PBXCopyFilesBuildPhase section */

/* Begin PBXFileReference section */
		DDB0A3D22ABA7A58002D3560 /* DrawingNG01.txt */ = {isa = PBXFileReference; fileEncoding = 4; lastKnownFileType = text; path = DrawingNG01.txt; sourceTree = SOURCE_ROOT; };
		DDB0A3D32ABA7A6F002D3560 /* DrawingNG02.txt */ = {isa = PBXFileReference; fileEncoding = 4; lastKnownFileType = text; path = DrawingNG02.txt; sourceTree = SOURCE_ROOT; };
		DDF4BA672ABA3CBB006CA6C3 /* PS03 Circle and Rectangels */ = {isa = PBXFileReference; explicitFileType = "compiled.mach-o.executable"; includeInIndex = 0; path = "PS03 Circle and Rectangels"; sourceTree = BUILT_PRODUCTS_DIR; };
		DDF4BA6A2ABA3CBB006CA6C3 /* ps03graphicBlocks_weihuanw.cpp */ = {isa = PBXFileReference; lastKnownFileType = sourcecode.cpp.cpp; path = ps03graphicBlocks_weihuanw.cpp; sourceTree = "<group>"; };
		DDF4BA762ABA3D63006CA6C3 /* OpenGL.framework */ = {isa = PBXFileReference; lastKnownFileType = wrapper.framework; name = OpenGL.framework; path = System/Library/Frameworks/OpenGL.framework; sourceTree = SDKROOT; };
		DDF4BA792ABA3EEF006CA6C3 /* fssimplewindow.h */ = {isa = PBXFileReference; fileEncoding = 4; lastKnownFileType = sourcecode.c.h; path = fssimplewindow.h; sourceTree = "<group>"; };
		DDF4BA7A2ABA3F10006CA6C3 /* fssimplewindowobjc.m */ = {isa = PBXFileReference; fileEncoding = 4; lastKnownFileType = sourcecode.c.objc; path = fssimplewindowobjc.m; sourceTree = "<group>"; };
		DDF4BA7C2ABA3F3A006CA6C3 /* fssimplewindow.h */ = {isa = PBXFileReference; fileEncoding = 4; lastKnownFileType = sourcecode.c.h; path = fssimplewindow.h; sourceTree = "<group>"; };
		DDF4BA7D2ABA3F68006CA6C3 /* fssimplewindowcpp.cpp */ = {isa = PBXFileReference; fileEncoding = 4; lastKnownFileType = sourcecode.cpp.cpp; path = fssimplewindowcpp.cpp; sourceTree = "<group>"; };
/* End PBXFileReference section */

/* Begin PBXFrameworksBuildPhase section */
		DDF4BA642ABA3CBB006CA6C3 /* Frameworks */ = {
			isa = PBXFrameworksBuildPhase;
			buildActionMask = 2147483647;
			files = (
				DDF4BA772ABA3D63006CA6C3 /* OpenGL.framework in Frameworks */,
			);
			runOnlyForDeploymentPostprocessing = 0;
		};
/* End PBXFrameworksBuildPhase section */

/* Begin PBXGroup section */
		DDF4BA5E2ABA3CBB006CA6C3 = {
			isa = PBXGroup;
			children = (
				DDF4BA7D2ABA3F68006CA6C3 /* fssimplewindowcpp.cpp */,
				DDF4BA7A2ABA3F10006CA6C3 /* fssimplewindowobjc.m */,
				DDF4BA792ABA3EEF006CA6C3 /* fssimplewindow.h */,
				DDF4BA692ABA3CBB006CA6C3 /* PS03 Circle and Rectangels */,
				DDF4BA682ABA3CBB006CA6C3 /* Products */,
				DDF4BA752ABA3D63006CA6C3 /* Frameworks */,
			);
			sourceTree = "<group>";
		};
		DDF4BA682ABA3CBB006CA6C3 /* Products */ = {
			isa = PBXGroup;
			children = (
				DDF4BA672ABA3CBB006CA6C3 /* PS03 Circle and Rectangels */,
			);
			name = Products;
			sourceTree = "<group>";
		};
		DDF4BA692ABA3CBB006CA6C3 /* PS03 Circle and Rectangels */ = {
			isa = PBXGroup;
			children = (
				DDF4BA7C2ABA3F3A006CA6C3 /* fssimplewindow.h */,
				DDB0A3D32ABA7A6F002D3560 /* DrawingNG02.txt */,
				DDB0A3D22ABA7A58002D3560 /* DrawingNG01.txt */,
				DDF4BA6A2ABA3CBB006CA6C3 /* ps03graphicBlocks_weihuanw.cpp */,
			);
			path = "PS03 Circle and Rectangels";
			sourceTree = "<group>";
		};
		DDF4BA752ABA3D63006CA6C3 /* Frameworks */ = {
			isa = PBXGroup;
			children = (
				DDF4BA762ABA3D63006CA6C3 /* OpenGL.framework */,
			);
			name = Frameworks;
			sourceTree = "<group>";
		};
/* End PBXGroup section */

/* Begin PBXNativeTarget section */
		DDF4BA662ABA3CBB006CA6C3 /* PS03 Circle and Rectangels */ = {
			isa = PBXNativeTarget;
			buildConfigurationList = DDF4BA6E2ABA3CBB006CA6C3 /* Build configuration list for PBXNativeTarget "PS03 Circle and Rectangels" */;
			buildPhases = (
				DDF4BA632ABA3CBB006CA6C3 /* Sources */,
				DDF4BA642ABA3CBB006CA6C3 /* Frameworks */,
				DDF4BA652ABA3CBB006CA6C3 /* CopyFiles */,
			);
			buildRules = (
			);
			dependencies = (
			);
			name = "PS03 Circle and Rectangels";
			productName = "PS03 Circle and Rectangels";
			productReference = DDF4BA672ABA3CBB006CA6C3 /* PS03 Circle and Rectangels */;
			productType = "com.apple.product-type.tool";
		};
/* End PBXNativeTarget section */

/* Begin PBXProject section */
		DDF4BA5F2ABA3CBB006CA6C3 /* Project object */ = {
			isa = PBXProject;
			attributes = {
				BuildIndependentTargetsInParallel = 1;
				LastUpgradeCheck = 1500;
				TargetAttributes = {
					DDF4BA662ABA3CBB006CA6C3 = {
						CreatedOnToolsVersion = 14.3.1;
					};
				};
			};
			buildConfigurationList = DDF4BA622ABA3CBB006CA6C3 /* Build configuration list for PBXProject "PS03 Circle and Rectangels" */;
			compatibilityVersion = "Xcode 14.0";
			developmentRegion = en;
			hasScannedForEncodings = 0;
			knownRegions = (
				en,
				Base,
			);
			mainGroup = DDF4BA5E2ABA3CBB006CA6C3;
			productRefGroup = DDF4BA682ABA3CBB006CA6C3 /* Products */;
			projectDirPath = "";
			projectRoot = "";
			targets = (
				DDF4BA662ABA3CBB006CA6C3 /* PS03 Circle and Rectangels */,
			);
		};
/* End PBXProject section */

/* Begin PBXSourcesBuildPhase section */
		DDF4BA632ABA3CBB006CA6C3 /* Sources */ = {
			isa = PBXSourcesBuildPhase;
			buildActionMask = 2147483647;
			files = (
				DDF4BA7E2ABA3F68006CA6C3 /* fssimplewindowcpp.cpp in Sources */,
				DDF4BA7B2ABA3F10006CA6C3 /* fssimplewindowobjc.m in Sources */,
				DDF4BA6B2ABA3CBB006CA6C3 /* ps03graphicBlocks_weihuanw.cpp in Sources */,
			);
			runOnlyForDeploymentPostprocessing = 0;
		};
/* End PBXSourcesBuildPhase section */

/* Begin XCBuildConfiguration section */
		DDF4BA6C2ABA3CBB006CA6C3 /* Debug */ = {
			isa = XCBuildConfiguration;
			buildSettings = {
				ALWAYS_SEARCH_USER_PATHS = NO;
				CLANG_ANALYZER_NONNULL = YES;
				CLANG_ANALYZER_NUMBER_OBJECT_CONVERSION = YES_AGGRESSIVE;
				CLANG_CXX_LANGUAGE_STANDARD = "gnu++20";
				CLANG_ENABLE_MODULES = YES;
				CLANG_ENABLE_OBJC_ARC = YES;
				CLANG_ENABLE_OBJC_WEAK = YES;
				CLANG_WARN_BLOCK_CAPTURE_AUTORELEASING = YES;
				CLANG_WARN_BOOL_CONVERSION = YES;
				CLANG_WARN_COMMA = YES;
				CLANG_WARN_CONSTANT_CONVERSION = YES;
				CLANG_WARN_DEPRECATED_OBJC_IMPLEMENTATIONS = YES;
				CLANG_WARN_DIRECT_OBJC_ISA_USAGE = YES_ERROR;
				CLANG_WARN_DOCUMENTATION_COMMENTS = YES;
				CLANG_WARN_EMPTY_BODY = YES;
				CLANG_WARN_ENUM_CONVERSION = YES;
				CLANG_WARN_INFINITE_RECURSION = YES;
				CLANG_WARN_INT_CONVERSION = YES;
				CLANG_WARN_NON_LITERAL_NULL_CONVERSION = YES;
				CLANG_WARN_OBJC_IMPLICIT_RETAIN_SELF = YES;
				CLANG_WARN_OBJC_LITERAL_CONVERSION = YES;
				CLANG_WARN_OBJC_ROOT_CLASS = YES_ERROR;
				CLANG_WARN_QUOTED_INCLUDE_IN_FRAMEWORK_HEADER = YES;
				CLANG_WARN_RANGE_LOOP_ANALYSIS = YES;
				CLANG_WARN_STRICT_PROTOTYPES = YES;
				CLANG_WARN_SUSPICIOUS_MOVE = YES;
				CLANG_WARN_UNGUARDED_AVAILABILITY = YES_AGGRESSIVE;
				CLANG_WARN_UNREACHABLE_CODE = YES;
				CLANG_WARN__DUPLICATE_METHOD_MATCH = YES;
				COPY_PHASE_STRIP = NO;
				DEAD_CODE_STRIPPING = YES;
				DEBUG_INFORMATION_FORMAT = dwarf;
				ENABLE_STRICT_OBJC_MSGSEND = YES;
				ENABLE_TESTABILITY = YES;
				ENABLE_USER_SCRIPT_SANDBOXING = YES;
				GCC_C_LANGUAGE_STANDARD = gnu11;
				GCC_DYNAMIC_NO_PIC = NO;
				GCC_NO_COMMON_BLOCKS = YES;
				GCC_OPTIMIZATION_LEVEL = 0;
				GCC_PREPROCESSOR_DEFINITIONS = (
					"DEBUG=1",
					"$(inherited)",
				);
				GCC_WARN_64_TO_32_BIT_CONVERSION = YES;
				GCC_WARN_ABOUT_RETURN_TYPE = YES_ERROR;
				GCC_WARN_UNDECLARED_SELECTOR = YES;
				GCC_WARN_UNINITIALIZED_AUTOS = YES_AGGRESSIVE;
				GCC_WARN_UNUSED_FUNCTION = YES;
				GCC_WARN_UNUSED_VARIABLE = YES;
				MACOSX_DEPLOYMENT_TARGET = 13.3;
				MTL_ENABLE_DEBUG_INFO = INCLUDE_SOURCE;
				MTL_FAST_MATH = YES;
				ONLY_ACTIVE_ARCH = YES;
				SDKROOT = macosx;
			};
			name = Debug;
		};
		DDF4BA6D2ABA3CBB006CA6C3 /* Release */ = {
			isa = XCBuildConfiguration;
			buildSettings = {
				ALWAYS_SEARCH_USER_PATHS = NO;
				CLANG_ANALYZER_NONNULL = YES;
				CLANG_ANALYZER_NUMBER_OBJECT_CONVERSION = YES_AGGRESSIVE;
				CLANG_CXX_LANGUAGE_STANDARD = "gnu++20";
				CLANG_ENABLE_MODULES = YES;
				CLANG_ENABLE_OBJC_ARC = YES;
				CLANG_ENABLE_OBJC_WEAK = YES;
				CLANG_WARN_BLOCK_CAPTURE_AUTORELEASING = YES;
				CLANG_WARN_BOOL_CONVERSION = YES;
				CLANG_WARN_COMMA = YES;
				CLANG_WARN_CONSTANT_CONVERSION = YES;
				CLANG_WARN_DEPRECATED_OBJC_IMPLEMENTATIONS = YES;
				CLANG_WARN_DIRECT_OBJC_ISA_USAGE = YES_ERROR;
				CLANG_WARN_DOCUMENTATION_COMMENTS = YES;
				CLANG_WARN_EMPTY_BODY = YES;
				CLANG_WARN_ENUM_CONVERSION = YES;
				CLANG_WARN_INFINITE_RECURSION = YES;
				CLANG_WARN_INT_CONVERSION = YES;
				CLANG_WARN_NON_LITERAL_NULL_CONVERSION = YES;
				CLANG_WARN_OBJC_IMPLICIT_RETAIN_SELF = YES;
				CLANG_WARN_OBJC_LITERAL_CONVERSION = YES;
				CLANG_WARN_OBJC_ROOT_CLASS = YES_ERROR;
				CLANG_WARN_QUOTED_INCLUDE_IN_FRAMEWORK_HEADER = YES;
				CLANG_WARN_RANGE_LOOP_ANALYSIS = YES;
				CLANG_WARN_STRICT_PROTOTYPES = YES;
				CLANG_WARN_SUSPICIOUS_MOVE = YES;
				CLANG_WARN_UNGUARDED_AVAILABILITY = YES_AGGRESSIVE;
				CLANG_WARN_UNREACHABLE_CODE = YES;
				CLANG_WARN__DUPLICATE_METHOD_MATCH = YES;
				COPY_PHASE_STRIP = NO;
				DEAD_CODE_STRIPPING = YES;
				DEBUG_INFORMATION_FORMAT = "dwarf-with-dsym";
				ENABLE_NS_ASSERTIONS = NO;
				ENABLE_STRICT_OBJC_MSGSEND = YES;
				ENABLE_USER_SCRIPT_SANDBOXING = YES;
				GCC_C_LANGUAGE_STANDARD = gnu11;
				GCC_NO_COMMON_BLOCKS = YES;
				GCC_WARN_64_TO_32_BIT_CONVERSION = YES;
				GCC_WARN_ABOUT_RETURN_TYPE = YES_ERROR;
				GCC_WARN_UNDECLARED_SELECTOR = YES;
				GCC_WARN_UNINITIALIZED_AUTOS = YES_AGGRESSIVE;
				GCC_WARN_UNUSED_FUNCTION = YES;
				GCC_WARN_UNUSED_VARIABLE = YES;
				MACOSX_DEPLOYMENT_TARGET = 13.3;
				MTL_ENABLE_DEBUG_INFO = NO;
				MTL_FAST_MATH = YES;
				SDKROOT = macosx;
			};
			name = Release;
		};
		DDF4BA6F2ABA3CBB006CA6C3 /* Debug */ = {
			isa = XCBuildConfiguration;
			buildSettings = {
				CODE_SIGN_STYLE = Automatic;
				DEAD_CODE_STRIPPING = YES;
				DEVELOPMENT_TEAM = 9B3HA6HKJ9;
				ENABLE_HARDENED_RUNTIME = YES;
				PRODUCT_NAME = "$(TARGET_NAME)";
			};
			name = Debug;
		};
		DDF4BA702ABA3CBB006CA6C3 /* Release */ = {
			isa = XCBuildConfiguration;
			buildSettings = {
				CODE_SIGN_STYLE = Automatic;
				DEAD_CODE_STRIPPING = YES;
				DEVELOPMENT_TEAM = 9B3HA6HKJ9;
				ENABLE_HARDENED_RUNTIME = YES;
				PRODUCT_NAME = "$(TARGET_NAME)";
			};
			name = Release;
		};
/* End XCBuildConfiguration section */

/* Begin XCConfigurationList section */
		DDF4BA622ABA3CBB006CA6C3 /* Build configuration list for PBXProject "PS03 Circle and Rectangels" */ = {
			isa = XCConfigurationList;
			buildConfigurations = (
				DDF4BA6C2ABA3CBB006CA6C3 /* Debug */,
				DDF4BA6D2ABA3CBB006CA6C3 /* Release */,
			);
			defaultConfigurationIsVisible = 0;
			defaultConfigurationName = Release;
		};
		DDF4BA6E2ABA3CBB006CA6C3 /* Build configuration list for PBXNativeTarget "PS03 Circle and Rectangels" */ = {
			isa = XCConfigurationList;
			buildConfigurations = (
				DDF4BA6F2ABA3CBB006CA6C3 /* Debug */,
				DDF4BA702ABA3CBB006CA6C3 /* Release */,
			);
			defaultConfigurationIsVisible = 0;
			defaultConfigurationName = Release;
		};
/* End XCConfigurationList section */
	};
	rootObject = DDF4BA5F2ABA3CBB006CA6C3 /* Project object */;
}
