
Microsoft Visual Studio Solution File, Format Version 12.00
# Visual Studio Version 17
VisualStudioVersion = 17.7.34031.279
MinimumVisualStudioVersion = 10.0.40219.1
Project("{8BC9CEB8-8B4A-11D0-8D11-00A0C91BC942}") = "PS07-Ortho Maze", "PS07-Ortho Maze\PS07-Ortho Maze.vcxproj", "{40F2A571-97F0-47F7-8520-4F2C63105B3E}"
EndProject
Global
	GlobalSection(SolutionConfigurationPlatforms) = preSolution
		Debug|x64 = Debug|x64
		Debug|x86 = Debug|x86
		Release|x64 = Release|x64
		Release|x86 = Release|x86
	EndGlobalSection
	GlobalSection(ProjectConfigurationPlatforms) = postSolution
		{40F2A571-97F0-47F7-8520-4F2C63105B3E}.Debug|x64.ActiveCfg = Debug|x64
		{40F2A571-97F0-47F7-8520-4F2C63105B3E}.Debug|x64.Build.0 = Debug|x64
		{40F2A571-97F0-47F7-8520-4F2C63105B3E}.Debug|x86.ActiveCfg = Debug|Win32
		{40F2A571-97F0-47F7-8520-4F2C63105B3E}.Debug|x86.Build.0 = Debug|Win32
		{40F2A571-97F0-47F7-8520-4F2C63105B3E}.Release|x64.ActiveCfg = Release|x64
		{40F2A571-97F0-47F7-8520-4F2C63105B3E}.Release|x64.Build.0 = Release|x64
		{40F2A571-97F0-47F7-8520-4F2C63105B3E}.Release|x86.ActiveCfg = Release|Win32
		{40F2A571-97F0-47F7-8520-4F2C63105B3E}.Release|x86.Build.0 = Release|Win32
	EndGlobalSection
	GlobalSection(SolutionProperties) = preSolution
		HideSolutionNode = FALSE
	EndGlobalSection
	GlobalSection(ExtensibilityGlobals) = postSolution
		SolutionGuid = {182F3B94-5BE0-475C-B7E0-F06A9C7B0A30}
	EndGlobalSection
EndGlobal
